
Microsoft Visual Studio Solution File, Format Version 12.00
# Visual Studio Version 17
VisualStudioVersion = 17.1.32210.238
MinimumVisualStudioVersion = 10.0.40219.1
Project("{FAE04EC0-301F-11D3-BF4B-00C04F79EFBC}") = "ce100-hw4-algo-test-cs", "ce100-hw4-algo-test-cs\ce100-hw4-algo-test-cs.csproj", "{116B2471-6594-4E06-8EE0-D6FD9BE26010}"
EndProject
Project("{FAE04EC0-301F-11D3-BF4B-00C04F79EFBC}") = "ce100-hw4-algo-lib-cs", "ce100-hw4-algo-lib-cs\ce100-hw4-algo-lib-cs.csproj", "{D4638F54-59D7-40FB-A88B-3045BA46FEE3}"
EndProject
Global
	GlobalSection(SolutionConfigurationPlatforms) = preSolution
		Debug|Any CPU = Debug|Any CPU
		Release|Any CPU = Release|Any CPU
	EndGlobalSection
	GlobalSection(ProjectConfigurationPlatforms) = postSolution
		{116B2471-6594-4E06-8EE0-D6FD9BE26010}.Debug|Any CPU.ActiveCfg = Debug|Any CPU
		{116B2471-6594-4E06-8EE0-D6FD9BE26010}.Debug|Any CPU.Build.0 = Debug|Any CPU
		{116B2471-6594-4E06-8EE0-D6FD9BE26010}.Release|Any CPU.ActiveCfg = Release|Any CPU
		{116B2471-6594-4E06-8EE0-D6FD9BE26010}.Release|Any CPU.Build.0 = Release|Any CPU
		{D4638F54-59D7-40FB-A88B-3045BA46FEE3}.Debug|Any CPU.ActiveCfg = Debug|Any CPU
		{D4638F54-59D7-40FB-A88B-3045BA46FEE3}.Debug|Any CPU.Build.0 = Debug|Any CPU
		{D4638F54-59D7-40FB-A88B-3045BA46FEE3}.Release|Any CPU.ActiveCfg = Release|Any CPU
		{D4638F54-59D7-40FB-A88B-3045BA46FEE3}.Release|Any CPU.Build.0 = Release|Any CPU
	EndGlobalSection
	GlobalSection(SolutionProperties) = preSolution
		HideSolutionNode = FALSE
	EndGlobalSection
	GlobalSection(ExtensibilityGlobals) = postSolution
		SolutionGuid = {8FCF8376-C09B-43D6-A917-ECAEFB21A25E}
	EndGlobalSection
EndGlobal
